
Microsoft Visual Studio Solution File, Format Version 12.00
# Visual Studio Version 17
VisualStudioVersion = 17.4.33213.308
MinimumVisualStudioVersion = 10.0.40219.1
Project("{FAE04EC0-301F-11D3-BF4B-00C04F79EFBC}") = "generatorForm", "generatorForm\generatorForm.csproj", "{514BADCF-E213-4B03-8525-68F3A81BB5B7}"
EndProject
Global
	GlobalSection(SolutionConfigurationPlatforms) = preSolution
		Debug|Any CPU = Debug|Any CPU
		Release|Any CPU = Release|Any CPU
	EndGlobalSection
	GlobalSection(ProjectConfigurationPlatforms) = postSolution
		{514BADCF-E213-4B03-8525-68F3A81BB5B7}.Debug|Any CPU.ActiveCfg = Debug|Any CPU
		{514BADCF-E213-4B03-8525-68F3A81BB5B7}.Debug|Any CPU.Build.0 = Debug|Any CPU
		{514BADCF-E213-4B03-8525-68F3A81BB5B7}.Release|Any CPU.ActiveCfg = Release|Any CPU
		{514BADCF-E213-4B03-8525-68F3A81BB5B7}.Release|Any CPU.Build.0 = Release|Any CPU
	EndGlobalSection
	GlobalSection(SolutionProperties) = preSolution
		HideSolutionNode = FALSE
	EndGlobalSection
	GlobalSection(ExtensibilityGlobals) = postSolution
		SolutionGuid = {93DE13D8-A0E2-4ED4-8A7B-AFBD6FB0F4EF}
	EndGlobalSection
EndGlobal
